
Microsoft Visual Studio Solution File, Format Version 12.00
# Visual Studio Version 17
VisualStudioVersion = 17.3.32901.215
MinimumVisualStudioVersion = 10.0.40219.1
Project("{FAE04EC0-301F-11D3-BF4B-00C04F79EFBC}") = "GlossarioOneDnD_MVC", "GlossarioOneDnD_MVC.csproj", "{330B8A6F-77C5-4B1C-AC8E-FE0FF41363D7}"
EndProject
Global
	GlobalSection(SolutionConfigurationPlatforms) = preSolution
		Debug|Any CPU = Debug|Any CPU
		Release|Any CPU = Release|Any CPU
	EndGlobalSection
	GlobalSection(ProjectConfigurationPlatforms) = postSolution
		{330B8A6F-77C5-4B1C-AC8E-FE0FF41363D7}.Debug|Any CPU.ActiveCfg = Debug|Any CPU
		{330B8A6F-77C5-4B1C-AC8E-FE0FF41363D7}.Debug|Any CPU.Build.0 = Debug|Any CPU
		{330B8A6F-77C5-4B1C-AC8E-FE0FF41363D7}.Release|Any CPU.ActiveCfg = Release|Any CPU
		{330B8A6F-77C5-4B1C-AC8E-FE0FF41363D7}.Release|Any CPU.Build.0 = Release|Any CPU
	EndGlobalSection
	GlobalSection(SolutionProperties) = preSolution
		HideSolutionNode = FALSE
	EndGlobalSection
	GlobalSection(ExtensibilityGlobals) = postSolution
		SolutionGuid = {2205E649-D2A2-44C6-A236-DC7DDC88920A}
	EndGlobalSection
EndGlobal
